// !$*UTF8*$!
{
	archiveVersion = 1;
	classes = {
	};
	objectVersion = 56;
	objects = {

/* Begin PBXBuildFile section */
		0F96764DDF0B91E0734E8DB0 /* Pods_FaUpIn07UsedGoodsUpload.framework in Frameworks */ = {isa = PBXBuildFile; fileRef = B4AE4769F393CAF22427FA65 /* Pods_FaUpIn07UsedGoodsUpload.framework */; };
		D8C747EE2C1490E8007EEEA2 /* TitleTextFieldCell.swift in Sources */ = {isa = PBXBuildFile; fileRef = D8C747ED2C1490E8007EEEA2 /* TitleTextFieldCell.swift */; };
		D8C747F02C14927E007EEEA2 /* TitleTextFieldCellViewModel.swift in Sources */ = {isa = PBXBuildFile; fileRef = D8C747EF2C14927E007EEEA2 /* TitleTextFieldCellViewModel.swift */; };
		D8C747F42C149842007EEEA2 /* Category.swift in Sources */ = {isa = PBXBuildFile; fileRef = D8C747F32C149842007EEEA2 /* Category.swift */; };
		D8C747F72C149924007EEEA2 /* CategoryViewModel.swift in Sources */ = {isa = PBXBuildFile; fileRef = D8C747F62C149924007EEEA2 /* CategoryViewModel.swift */; };
		D8C747F92C149F5C007EEEA2 /* CategoryListViewController.swift in Sources */ = {isa = PBXBuildFile; fileRef = D8C747F82C149F5C007EEEA2 /* CategoryListViewController.swift */; };
		D8D922CC2C0F51BD00E67CA1 /* AppDelegate.swift in Sources */ = {isa = PBXBuildFile; fileRef = D8D922CB2C0F51BD00E67CA1 /* AppDelegate.swift */; };
		D8D922CE2C0F51BD00E67CA1 /* SceneDelegate.swift in Sources */ = {isa = PBXBuildFile; fileRef = D8D922CD2C0F51BD00E67CA1 /* SceneDelegate.swift */; };
		D8D922D52C0F51C100E67CA1 /* Assets.xcassets in Resources */ = {isa = PBXBuildFile; fileRef = D8D922D42C0F51C100E67CA1 /* Assets.xcassets */; };
		D8D922D82C0F51C100E67CA1 /* Base in Resources */ = {isa = PBXBuildFile; fileRef = D8D922D72C0F51C100E67CA1 /* Base */; };
		D8D922E02C0F558500E67CA1 /* MainViewController.swift in Sources */ = {isa = PBXBuildFile; fileRef = D8D922DF2C0F558500E67CA1 /* MainViewController.swift */; };
		D8D922E22C0F57FD00E67CA1 /* MainViewModel.swift in Sources */ = {isa = PBXBuildFile; fileRef = D8D922E12C0F57FD00E67CA1 /* MainViewModel.swift */; };
/* End PBXBuildFile section */

/* Begin PBXFileReference section */
		1B969AB13E23CE595B75F2C3 /* Pods-FaUpIn07UsedGoodsUpload.release.xcconfig */ = {isa = PBXFileReference; includeInIndex = 1; lastKnownFileType = text.xcconfig; name = "Pods-FaUpIn07UsedGoodsUpload.release.xcconfig"; path = "Target Support Files/Pods-FaUpIn07UsedGoodsUpload/Pods-FaUpIn07UsedGoodsUpload.release.xcconfig"; sourceTree = "<group>"; };
		B4AE4769F393CAF22427FA65 /* Pods_FaUpIn07UsedGoodsUpload.framework */ = {isa = PBXFileReference; explicitFileType = wrapper.framework; includeInIndex = 0; path = Pods_FaUpIn07UsedGoodsUpload.framework; sourceTree = BUILT_PRODUCTS_DIR; };
		C4C163FAD56913D74CFDDC72 /* Pods-FaUpIn07UsedGoodsUpload.debug.xcconfig */ = {isa = PBXFileReference; includeInIndex = 1; lastKnownFileType = text.xcconfig; name = "Pods-FaUpIn07UsedGoodsUpload.debug.xcconfig"; path = "Target Support Files/Pods-FaUpIn07UsedGoodsUpload/Pods-FaUpIn07UsedGoodsUpload.debug.xcconfig"; sourceTree = "<group>"; };
		D8C747ED2C1490E8007EEEA2 /* TitleTextFieldCell.swift */ = {isa = PBXFileReference; lastKnownFileType = sourcecode.swift; path = TitleTextFieldCell.swift; sourceTree = "<group>"; };
		D8C747EF2C14927E007EEEA2 /* TitleTextFieldCellViewModel.swift */ = {isa = PBXFileReference; lastKnownFileType = sourcecode.swift; path = TitleTextFieldCellViewModel.swift; sourceTree = "<group>"; };
		D8C747F32C149842007EEEA2 /* Category.swift */ = {isa = PBXFileReference; lastKnownFileType = sourcecode.swift; path = Category.swift; sourceTree = "<group>"; };
		D8C747F62C149924007EEEA2 /* CategoryViewModel.swift */ = {isa = PBXFileReference; lastKnownFileType = sourcecode.swift; path = CategoryViewModel.swift; sourceTree = "<group>"; };
		D8C747F82C149F5C007EEEA2 /* CategoryListViewController.swift */ = {isa = PBXFileReference; lastKnownFileType = sourcecode.swift; path = CategoryListViewController.swift; sourceTree = "<group>"; };
		D8D922C82C0F51BD00E67CA1 /* FaUpIn07UsedGoodsUpload.app */ = {isa = PBXFileReference; explicitFileType = wrapper.application; includeInIndex = 0; path = FaUpIn07UsedGoodsUpload.app; sourceTree = BUILT_PRODUCTS_DIR; };
		D8D922CB2C0F51BD00E67CA1 /* AppDelegate.swift */ = {isa = PBXFileReference; lastKnownFileType = sourcecode.swift; path = AppDelegate.swift; sourceTree = "<group>"; };
		D8D922CD2C0F51BD00E67CA1 /* SceneDelegate.swift */ = {isa = PBXFileReference; lastKnownFileType = sourcecode.swift; path = SceneDelegate.swift; sourceTree = "<group>"; };
		D8D922D42C0F51C100E67CA1 /* Assets.xcassets */ = {isa = PBXFileReference; lastKnownFileType = folder.assetcatalog; path = Assets.xcassets; sourceTree = "<group>"; };
		D8D922D72C0F51C100E67CA1 /* Base */ = {isa = PBXFileReference; lastKnownFileType = file.storyboard; name = Base; path = Base.lproj/LaunchScreen.storyboard; sourceTree = "<group>"; };
		D8D922D92C0F51C100E67CA1 /* Info.plist */ = {isa = PBXFileReference; lastKnownFileType = text.plist.xml; path = Info.plist; sourceTree = "<group>"; };
		D8D922DF2C0F558500E67CA1 /* MainViewController.swift */ = {isa = PBXFileReference; lastKnownFileType = sourcecode.swift; path = MainViewController.swift; sourceTree = "<group>"; };
		D8D922E12C0F57FD00E67CA1 /* MainViewModel.swift */ = {isa = PBXFileReference; lastKnownFileType = sourcecode.swift; path = MainViewModel.swift; sourceTree = "<group>"; };
/* End PBXFileReference section */

/* Begin PBXFrameworksBuildPhase section */
		D8D922C52C0F51BD00E67CA1 /* Frameworks */ = {
			isa = PBXFrameworksBuildPhase;
			buildActionMask = 2147483647;
			files = (
				0F96764DDF0B91E0734E8DB0 /* Pods_FaUpIn07UsedGoodsUpload.framework in Frameworks */,
			);
			runOnlyForDeploymentPostprocessing = 0;
		};
/* End PBXFrameworksBuildPhase section */

/* Begin PBXGroup section */
		1F5FEF13023F240F346B1783 /* Frameworks */ = {
			isa = PBXGroup;
			children = (
				B4AE4769F393CAF22427FA65 /* Pods_FaUpIn07UsedGoodsUpload.framework */,
			);
			name = Frameworks;
			sourceTree = "<group>";
		};
		33AC7C658B817612FAA1C24A /* Pods */ = {
			isa = PBXGroup;
			children = (
				C4C163FAD56913D74CFDDC72 /* Pods-FaUpIn07UsedGoodsUpload.debug.xcconfig */,
				1B969AB13E23CE595B75F2C3 /* Pods-FaUpIn07UsedGoodsUpload.release.xcconfig */,
			);
			path = Pods;
			sourceTree = "<group>";
		};
		D8C747EC2C149094007EEEA2 /* MainViewController */ = {
			isa = PBXGroup;
			children = (
				D8D922DF2C0F558500E67CA1 /* MainViewController.swift */,
				D8D922E12C0F57FD00E67CA1 /* MainViewModel.swift */,
				D8C747F12C149298007EEEA2 /* TitleTextFieldCell */,
				D8C747F62C149924007EEEA2 /* CategoryViewModel.swift */,
				D8C747F82C149F5C007EEEA2 /* CategoryListViewController.swift */,
			);
			path = MainViewController;
			sourceTree = "<group>";
		};
		D8C747F12C149298007EEEA2 /* TitleTextFieldCell */ = {
			isa = PBXGroup;
			children = (
				D8C747ED2C1490E8007EEEA2 /* TitleTextFieldCell.swift */,
				D8C747EF2C14927E007EEEA2 /* TitleTextFieldCellViewModel.swift */,
			);
			path = TitleTextFieldCell;
			sourceTree = "<group>";
		};
		D8C747F22C149823007EEEA2 /* Presentation */ = {
			isa = PBXGroup;
			children = (
				D8C747EC2C149094007EEEA2 /* MainViewController */,
			);
			path = Presentation;
			sourceTree = "<group>";
		};
		D8C747F52C14984F007EEEA2 /* Entity */ = {
			isa = PBXGroup;
			children = (
				D8C747F32C149842007EEEA2 /* Category.swift */,
			);
			path = Entity;
			sourceTree = "<group>";
		};
		D8D922BF2C0F51BD00E67CA1 = {
			isa = PBXGroup;
			children = (
				D8D922CA2C0F51BD00E67CA1 /* FaUpIn07UsedGoodsUpload */,
				D8D922C92C0F51BD00E67CA1 /* Products */,
				33AC7C658B817612FAA1C24A /* Pods */,
				1F5FEF13023F240F346B1783 /* Frameworks */,
			);
			sourceTree = "<group>";
		};
		D8D922C92C0F51BD00E67CA1 /* Products */ = {
			isa = PBXGroup;
			children = (
				D8D922C82C0F51BD00E67CA1 /* FaUpIn07UsedGoodsUpload.app */,
			);
			name = Products;
			sourceTree = "<group>";
		};
		D8D922CA2C0F51BD00E67CA1 /* FaUpIn07UsedGoodsUpload */ = {
			isa = PBXGroup;
			children = (
				D8D922CB2C0F51BD00E67CA1 /* AppDelegate.swift */,
				D8D922CD2C0F51BD00E67CA1 /* SceneDelegate.swift */,
				D8C747F52C14984F007EEEA2 /* Entity */,
				D8C747F22C149823007EEEA2 /* Presentation */,
				D8D922D42C0F51C100E67CA1 /* Assets.xcassets */,
				D8D922D62C0F51C100E67CA1 /* LaunchScreen.storyboard */,
				D8D922D92C0F51C100E67CA1 /* Info.plist */,
			);
			path = FaUpIn07UsedGoodsUpload;
			sourceTree = "<group>";
		};
/* End PBXGroup section */

/* Begin PBXNativeTarget section */
		D8D922C72C0F51BD00E67CA1 /* FaUpIn07UsedGoodsUpload */ = {
			isa = PBXNativeTarget;
			buildConfigurationList = D8D922DC2C0F51C100E67CA1 /* Build configuration list for PBXNativeTarget "FaUpIn07UsedGoodsUpload" */;
			buildPhases = (
				9B469E886DDB92FC2130CD24 /* [CP] Check Pods Manifest.lock */,
				D8D922C42C0F51BD00E67CA1 /* Sources */,
				D8D922C52C0F51BD00E67CA1 /* Frameworks */,
				D8D922C62C0F51BD00E67CA1 /* Resources */,
				FD46BB98B6017099C4C2EA89 /* [CP] Embed Pods Frameworks */,
			);
			buildRules = (
			);
			dependencies = (
			);
			name = FaUpIn07UsedGoodsUpload;
			productName = FaUpIn07UsedGoodsUpload;
			productReference = D8D922C82C0F51BD00E67CA1 /* FaUpIn07UsedGoodsUpload.app */;
			productType = "com.apple.product-type.application";
		};
/* End PBXNativeTarget section */

/* Begin PBXProject section */
		D8D922C02C0F51BD00E67CA1 /* Project object */ = {
			isa = PBXProject;
			attributes = {
				BuildIndependentTargetsInParallel = 1;
				LastSwiftUpdateCheck = 1530;
				LastUpgradeCheck = 1530;
				TargetAttributes = {
					D8D922C72C0F51BD00E67CA1 = {
						CreatedOnToolsVersion = 15.3;
					};
				};
			};
			buildConfigurationList = D8D922C32C0F51BD00E67CA1 /* Build configuration list for PBXProject "FaUpIn07UsedGoodsUpload" */;
			compatibilityVersion = "Xcode 14.0";
			developmentRegion = en;
			hasScannedForEncodings = 0;
			knownRegions = (
				en,
				Base,
			);
			mainGroup = D8D922BF2C0F51BD00E67CA1;
			productRefGroup = D8D922C92C0F51BD00E67CA1 /* Products */;
			projectDirPath = "";
			projectRoot = "";
			targets = (
				D8D922C72C0F51BD00E67CA1 /* FaUpIn07UsedGoodsUpload */,
			);
		};
/* End PBXProject section */

/* Begin PBXResourcesBuildPhase section */
		D8D922C62C0F51BD00E67CA1 /* Resources */ = {
			isa = PBXResourcesBuildPhase;
			buildActionMask = 2147483647;
			files = (
				D8D922D52C0F51C100E67CA1 /* Assets.xcassets in Resources */,
				D8D922D82C0F51C100E67CA1 /* Base in Resources */,
			);
			runOnlyForDeploymentPostprocessing = 0;
		};
/* End PBXResourcesBuildPhase section */

/* Begin PBXShellScriptBuildPhase section */
		9B469E886DDB92FC2130CD24 /* [CP] Check Pods Manifest.lock */ = {
			isa = PBXShellScriptBuildPhase;
			buildActionMask = 2147483647;
			files = (
			);
			inputFileListPaths = (
			);
			inputPaths = (
				"${PODS_PODFILE_DIR_PATH}/Podfile.lock",
				"${PODS_ROOT}/Manifest.lock",
			);
			name = "[CP] Check Pods Manifest.lock";
			outputFileListPaths = (
			);
			outputPaths = (
				"$(DERIVED_FILE_DIR)/Pods-FaUpIn07UsedGoodsUpload-checkManifestLockResult.txt",
			);
			runOnlyForDeploymentPostprocessing = 0;
			shellPath = /bin/sh;
			shellScript = "diff \"${PODS_PODFILE_DIR_PATH}/Podfile.lock\" \"${PODS_ROOT}/Manifest.lock\" > /dev/null\nif [ $? != 0 ] ; then\n    # print error to STDERR\n    echo \"error: The sandbox is not in sync with the Podfile.lock. Run 'pod install' or update your CocoaPods installation.\" >&2\n    exit 1\nfi\n# This output is used by Xcode 'outputs' to avoid re-running this script phase.\necho \"SUCCESS\" > \"${SCRIPT_OUTPUT_FILE_0}\"\n";
			showEnvVarsInLog = 0;
		};
		FD46BB98B6017099C4C2EA89 /* [CP] Embed Pods Frameworks */ = {
			isa = PBXShellScriptBuildPhase;
			buildActionMask = 2147483647;
			files = (
			);
			inputFileListPaths = (
				"${PODS_ROOT}/Target Support Files/Pods-FaUpIn07UsedGoodsUpload/Pods-FaUpIn07UsedGoodsUpload-frameworks-${CONFIGURATION}-input-files.xcfilelist",
			);
			name = "[CP] Embed Pods Frameworks";
			outputFileListPaths = (
				"${PODS_ROOT}/Target Support Files/Pods-FaUpIn07UsedGoodsUpload/Pods-FaUpIn07UsedGoodsUpload-frameworks-${CONFIGURATION}-output-files.xcfilelist",
			);
			runOnlyForDeploymentPostprocessing = 0;
			shellPath = /bin/sh;
			shellScript = "\"${PODS_ROOT}/Target Support Files/Pods-FaUpIn07UsedGoodsUpload/Pods-FaUpIn07UsedGoodsUpload-frameworks.sh\"\n";
			showEnvVarsInLog = 0;
		};
/* End PBXShellScriptBuildPhase section */

/* Begin PBXSourcesBuildPhase section */
		D8D922C42C0F51BD00E67CA1 /* Sources */ = {
			isa = PBXSourcesBuildPhase;
			buildActionMask = 2147483647;
			files = (
				D8D922CC2C0F51BD00E67CA1 /* AppDelegate.swift in Sources */,
				D8C747F02C14927E007EEEA2 /* TitleTextFieldCellViewModel.swift in Sources */,
				D8C747F92C149F5C007EEEA2 /* CategoryListViewController.swift in Sources */,
				D8D922CE2C0F51BD00E67CA1 /* SceneDelegate.swift in Sources */,
				D8D922E02C0F558500E67CA1 /* MainViewController.swift in Sources */,
				D8C747F72C149924007EEEA2 /* CategoryViewModel.swift in Sources */,
				D8C747EE2C1490E8007EEEA2 /* TitleTextFieldCell.swift in Sources */,
				D8D922E22C0F57FD00E67CA1 /* MainViewModel.swift in Sources */,
				D8C747F42C149842007EEEA2 /* Category.swift in Sources */,
			);
			runOnlyForDeploymentPostprocessing = 0;
		};
/* End PBXSourcesBuildPhase section */

/* Begin PBXVariantGroup section */
		D8D922D62C0F51C100E67CA1 /* LaunchScreen.storyboard */ = {
			isa = PBXVariantGroup;
			children = (
				D8D922D72C0F51C100E67CA1 /* Base */,
			);
			name = LaunchScreen.storyboard;
			sourceTree = "<group>";
		};
/* End PBXVariantGroup section */

/* Begin XCBuildConfiguration section */
		D8D922DA2C0F51C100E67CA1 /* Debug */ = {
			isa = XCBuildConfiguration;
			buildSettings = {
				ALWAYS_SEARCH_USER_PATHS = NO;
				ASSETCATALOG_COMPILER_GENERATE_SWIFT_ASSET_SYMBOL_EXTENSIONS = YES;
				CLANG_ANALYZER_NONNULL = YES;
				CLANG_ANALYZER_NUMBER_OBJECT_CONVERSION = YES_AGGRESSIVE;
				CLANG_CXX_LANGUAGE_STANDARD = "gnu++20";
				CLANG_ENABLE_MODULES = YES;
				CLANG_ENABLE_OBJC_ARC = YES;
				CLANG_ENABLE_OBJC_WEAK = YES;
				CLANG_WARN_BLOCK_CAPTURE_AUTORELEASING = YES;
				CLANG_WARN_BOOL_CONVERSION = YES;
				CLANG_WARN_COMMA = YES;
				CLANG_WARN_CONSTANT_CONVERSION = YES;
				CLANG_WARN_DEPRECATED_OBJC_IMPLEMENTATIONS = YES;
				CLANG_WARN_DIRECT_OBJC_ISA_USAGE = YES_ERROR;
				CLANG_WARN_DOCUMENTATION_COMMENTS = YES;
				CLANG_WARN_EMPTY_BODY = YES;
				CLANG_WARN_ENUM_CONVERSION = YES;
				CLANG_WARN_INFINITE_RECURSION = YES;
				CLANG_WARN_INT_CONVERSION = YES;
				CLANG_WARN_NON_LITERAL_NULL_CONVERSION = YES;
				CLANG_WARN_OBJC_IMPLICIT_RETAIN_SELF = YES;
				CLANG_WARN_OBJC_LITERAL_CONVERSION = YES;
				CLANG_WARN_OBJC_ROOT_CLASS = YES_ERROR;
				CLANG_WARN_QUOTED_INCLUDE_IN_FRAMEWORK_HEADER = YES;
				CLANG_WARN_RANGE_LOOP_ANALYSIS = YES;
				CLANG_WARN_STRICT_PROTOTYPES = YES;
				CLANG_WARN_SUSPICIOUS_MOVE = YES;
				CLANG_WARN_UNGUARDED_AVAILABILITY = YES_AGGRESSIVE;
				CLANG_WARN_UNREACHABLE_CODE = YES;
				CLANG_WARN__DUPLICATE_METHOD_MATCH = YES;
				COPY_PHASE_STRIP = NO;
				DEBUG_INFORMATION_FORMAT = dwarf;
				ENABLE_STRICT_OBJC_MSGSEND = YES;
				ENABLE_TESTABILITY = YES;
				ENABLE_USER_SCRIPT_SANDBOXING = YES;
				GCC_C_LANGUAGE_STANDARD = gnu17;
				GCC_DYNAMIC_NO_PIC = NO;
				GCC_NO_COMMON_BLOCKS = YES;
				GCC_OPTIMIZATION_LEVEL = 0;
				GCC_PREPROCESSOR_DEFINITIONS = (
					"DEBUG=1",
					"$(inherited)",
				);
				GCC_WARN_64_TO_32_BIT_CONVERSION = YES;
				GCC_WARN_ABOUT_RETURN_TYPE = YES_ERROR;
				GCC_WARN_UNDECLARED_SELECTOR = YES;
				GCC_WARN_UNINITIALIZED_AUTOS = YES_AGGRESSIVE;
				GCC_WARN_UNUSED_FUNCTION = YES;
				GCC_WARN_UNUSED_VARIABLE = YES;
				IPHONEOS_DEPLOYMENT_TARGET = 17.4;
				LOCALIZATION_PREFERS_STRING_CATALOGS = YES;
				MTL_ENABLE_DEBUG_INFO = INCLUDE_SOURCE;
				MTL_FAST_MATH = YES;
				ONLY_ACTIVE_ARCH = YES;
				SDKROOT = iphoneos;
				SWIFT_ACTIVE_COMPILATION_CONDITIONS = "DEBUG $(inherited)";
				SWIFT_OPTIMIZATION_LEVEL = "-Onone";
			};
			name = Debug;
		};
		D8D922DB2C0F51C100E67CA1 /* Release */ = {
			isa = XCBuildConfiguration;
			buildSettings = {
				ALWAYS_SEARCH_USER_PATHS = NO;
				ASSETCATALOG_COMPILER_GENERATE_SWIFT_ASSET_SYMBOL_EXTENSIONS = YES;
				CLANG_ANALYZER_NONNULL = YES;
				CLANG_ANALYZER_NUMBER_OBJECT_CONVERSION = YES_AGGRESSIVE;
				CLANG_CXX_LANGUAGE_STANDARD = "gnu++20";
				CLANG_ENABLE_MODULES = YES;
				CLANG_ENABLE_OBJC_ARC = YES;
				CLANG_ENABLE_OBJC_WEAK = YES;
				CLANG_WARN_BLOCK_CAPTURE_AUTORELEASING = YES;
				CLANG_WARN_BOOL_CONVERSION = YES;
				CLANG_WARN_COMMA = YES;
				CLANG_WARN_CONSTANT_CONVERSION = YES;
				CLANG_WARN_DEPRECATED_OBJC_IMPLEMENTATIONS = YES;
				CLANG_WARN_DIRECT_OBJC_ISA_USAGE = YES_ERROR;
				CLANG_WARN_DOCUMENTATION_COMMENTS = YES;
				CLANG_WARN_EMPTY_BODY = YES;
				CLANG_WARN_ENUM_CONVERSION = YES;
				CLANG_WARN_INFINITE_RECURSION = YES;
				CLANG_WARN_INT_CONVERSION = YES;
				CLANG_WARN_NON_LITERAL_NULL_CONVERSION = YES;
				CLANG_WARN_OBJC_IMPLICIT_RETAIN_SELF = YES;
				CLANG_WARN_OBJC_LITERAL_CONVERSION = YES;
				CLANG_WARN_OBJC_ROOT_CLASS = YES_ERROR;
				CLANG_WARN_QUOTED_INCLUDE_IN_FRAMEWORK_HEADER = YES;
				CLANG_WARN_RANGE_LOOP_ANALYSIS = YES;
				CLANG_WARN_STRICT_PROTOTYPES = YES;
				CLANG_WARN_SUSPICIOUS_MOVE = YES;
				CLANG_WARN_UNGUARDED_AVAILABILITY = YES_AGGRESSIVE;
				CLANG_WARN_UNREACHABLE_CODE = YES;
				CLANG_WARN__DUPLICATE_METHOD_MATCH = YES;
				COPY_PHASE_STRIP = NO;
				DEBUG_INFORMATION_FORMAT = "dwarf-with-dsym";
				ENABLE_NS_ASSERTIONS = NO;
				ENABLE_STRICT_OBJC_MSGSEND = YES;
				ENABLE_USER_SCRIPT_SANDBOXING = YES;
				GCC_C_LANGUAGE_STANDARD = gnu17;
				GCC_NO_COMMON_BLOCKS = YES;
				GCC_WARN_64_TO_32_BIT_CONVERSION = YES;
				GCC_WARN_ABOUT_RETURN_TYPE = YES_ERROR;
				GCC_WARN_UNDECLARED_SELECTOR = YES;
				GCC_WARN_UNINITIALIZED_AUTOS = YES_AGGRESSIVE;
				GCC_WARN_UNUSED_FUNCTION = YES;
				GCC_WARN_UNUSED_VARIABLE = YES;
				IPHONEOS_DEPLOYMENT_TARGET = 17.4;
				LOCALIZATION_PREFERS_STRING_CATALOGS = YES;
				MTL_ENABLE_DEBUG_INFO = NO;
				MTL_FAST_MATH = YES;
				SDKROOT = iphoneos;
				SWIFT_COMPILATION_MODE = wholemodule;
				VALIDATE_PRODUCT = YES;
			};
			name = Release;
		};
		D8D922DD2C0F51C100E67CA1 /* Debug */ = {
			isa = XCBuildConfiguration;
			baseConfigurationReference = C4C163FAD56913D74CFDDC72 /* Pods-FaUpIn07UsedGoodsUpload.debug.xcconfig */;
			buildSettings = {
				ASSETCATALOG_COMPILER_APPICON_NAME = AppIcon;
				ASSETCATALOG_COMPILER_GLOBAL_ACCENT_COLOR_NAME = AccentColor;
				CODE_SIGN_STYLE = Automatic;
				CURRENT_PROJECT_VERSION = 1;
				ENABLE_USER_SCRIPT_SANDBOXING = NO;
				GENERATE_INFOPLIST_FILE = YES;
				INFOPLIST_FILE = FaUpIn07UsedGoodsUpload/Info.plist;
				INFOPLIST_KEY_UIApplicationSupportsIndirectInputEvents = YES;
				INFOPLIST_KEY_UILaunchStoryboardName = LaunchScreen;
				INFOPLIST_KEY_UISupportedInterfaceOrientations_iPad = "UIInterfaceOrientationPortrait UIInterfaceOrientationPortraitUpsideDown UIInterfaceOrientationLandscapeLeft UIInterfaceOrientationLandscapeRight";
				INFOPLIST_KEY_UISupportedInterfaceOrientations_iPhone = "UIInterfaceOrientationPortrait UIInterfaceOrientationLandscapeLeft UIInterfaceOrientationLandscapeRight";
				LD_RUNPATH_SEARCH_PATHS = (
					"$(inherited)",
					"@executable_path/Frameworks",
				);
				MARKETING_VERSION = 1.0;
				PRODUCT_BUNDLE_IDENTIFIER = com.joe3524.FaUpIn07UsedGoodsUpload;
				PRODUCT_NAME = "$(TARGET_NAME)";
				SWIFT_EMIT_LOC_STRINGS = YES;
				SWIFT_VERSION = 5.0;
				TARGETED_DEVICE_FAMILY = "1,2";
			};
			name = Debug;
		};
		D8D922DE2C0F51C100E67CA1 /* Release */ = {
			isa = XCBuildConfiguration;
			baseConfigurationReference = 1B969AB13E23CE595B75F2C3 /* Pods-FaUpIn07UsedGoodsUpload.release.xcconfig */;
			buildSettings = {
				ASSETCATALOG_COMPILER_APPICON_NAME = AppIcon;
				ASSETCATALOG_COMPILER_GLOBAL_ACCENT_COLOR_NAME = AccentColor;
				CODE_SIGN_STYLE = Automatic;
				CURRENT_PROJECT_VERSION = 1;
				ENABLE_USER_SCRIPT_SANDBOXING = NO;
				GENERATE_INFOPLIST_FILE = YES;
				INFOPLIST_FILE = FaUpIn07UsedGoodsUpload/Info.plist;
				INFOPLIST_KEY_UIApplicationSupportsIndirectInputEvents = YES;
				INFOPLIST_KEY_UILaunchStoryboardName = LaunchScreen;
				INFOPLIST_KEY_UISupportedInterfaceOrientations_iPad = "UIInterfaceOrientationPortrait UIInterfaceOrientationPortraitUpsideDown UIInterfaceOrientationLandscapeLeft UIInterfaceOrientationLandscapeRight";
				INFOPLIST_KEY_UISupportedInterfaceOrientations_iPhone = "UIInterfaceOrientationPortrait UIInterfaceOrientationLandscapeLeft UIInterfaceOrientationLandscapeRight";
				LD_RUNPATH_SEARCH_PATHS = (
					"$(inherited)",
					"@executable_path/Frameworks",
				);
				MARKETING_VERSION = 1.0;
				PRODUCT_BUNDLE_IDENTIFIER = com.joe3524.FaUpIn07UsedGoodsUpload;
				PRODUCT_NAME = "$(TARGET_NAME)";
				SWIFT_EMIT_LOC_STRINGS = YES;
				SWIFT_VERSION = 5.0;
				TARGETED_DEVICE_FAMILY = "1,2";
			};
			name = Release;
		};
/* End XCBuildConfiguration section */

/* Begin XCConfigurationList section */
		D8D922C32C0F51BD00E67CA1 /* Build configuration list for PBXProject "FaUpIn07UsedGoodsUpload" */ = {
			isa = XCConfigurationList;
			buildConfigurations = (
				D8D922DA2C0F51C100E67CA1 /* Debug */,
				D8D922DB2C0F51C100E67CA1 /* Release */,
			);
			defaultConfigurationIsVisible = 0;
			defaultConfigurationName = Release;
		};
		D8D922DC2C0F51C100E67CA1 /* Build configuration list for PBXNativeTarget "FaUpIn07UsedGoodsUpload" */ = {
			isa = XCConfigurationList;
			buildConfigurations = (
				D8D922DD2C0F51C100E67CA1 /* Debug */,
				D8D922DE2C0F51C100E67CA1 /* Release */,
			);
			defaultConfigurationIsVisible = 0;
			defaultConfigurationName = Release;
		};
/* End XCConfigurationList section */
	};
	rootObject = D8D922C02C0F51BD00E67CA1 /* Project object */;
}
